Microsoft Visual Studio Solution File, Format Version 12.00
# Visual Studio Version 17
VisualStudioVersion = 17.5.2.0
MinimumVisualStudioVersion = 10.0.40219.1
Project("{FAE04EC0-301F-11D3-BF4B-00C04F79EFBC}") = "FlowFactor.ToDo.API", "FlowFactor.ToDo.API.csproj", "{7187E335-B99A-14F3-1720-093AF2F4C796}"
EndProject
Global
	GlobalSection(SolutionConfigurationPlatforms) = preSolution
		Debug|Any CPU = Debug|Any CPU
		Release|Any CPU = Release|Any CPU
	EndGlobalSection
	GlobalSection(ProjectConfigurationPlatforms) = postSolution
		{7187E335-B99A-14F3-1720-093AF2F4C796}.Debug|Any CPU.ActiveCfg = Debug|Any CPU
		{7187E335-B99A-14F3-1720-093AF2F4C796}.Debug|Any CPU.Build.0 = Debug|Any CPU
		{7187E335-B99A-14F3-1720-093AF2F4C796}.Release|Any CPU.ActiveCfg = Release|Any CPU
		{7187E335-B99A-14F3-1720-093AF2F4C796}.Release|Any CPU.Build.0 = Release|Any CPU
	EndGlobalSection
	GlobalSection(SolutionProperties) = preSolution
		HideSolutionNode = FALSE
	EndGlobalSection
	GlobalSection(ExtensibilityGlobals) = postSolution
		SolutionGuid = {6EF91441-3A79-4395-AF90-107E78C03538}
	EndGlobalSection
EndGlobal
